
Microsoft Visual Studio Solution File, Format Version 12.00
# Visual Studio Version 16
VisualStudioVersion = 16.0.33927.289
MinimumVisualStudioVersion = 10.0.40219.1
Project("{2150E333-8FDC-42A3-9474-1A3956D46DE8}") = "Task0", "Task0", "{3439F3F2-403D-49AC-B3E3-F32935D4C52E}"
EndProject
Project("{FAE04EC0-301F-11D3-BF4B-00C04F79EFBC}") = "Tyuiu.MedvedevA.Sprint4.Task0.V27", "Tyuiu.MedvedevA.Sprint4.Task0.V27\Tyuiu.MedvedevA.Sprint4.Task0.V27.csproj", "{3A1166B4-8184-4118-AEE7-8EF2DA6984BE}"
EndProject
Project("{FAE04EC0-301F-11D3-BF4B-00C04F79EFBC}") = "Tyuiu.MedvedevA.Sprint4.Task0.V27.Lib", "Tyuiu.MedvedevA.Sprint4.Task0.V27.Lib\Tyuiu.MedvedevA.Sprint4.Task0.V27.Lib.csproj", "{A7D23C1D-4ACE-4A48-AC7E-2F39E06DBC43}"
EndProject
Project("{FAE04EC0-301F-11D3-BF4B-00C04F79EFBC}") = "Tyuiu.MedvedevA.Sprint4.Task0.V27.Test", "Tyuiu.MedvedevA.Sprint4.Task0.V27.Test\Tyuiu.MedvedevA.Sprint4.Task0.V27.Test.csproj", "{A2E3BBD9-9D3C-46A2-8307-D3B1E2507E79}"
EndProject
Project("{2150E333-8FDC-42A3-9474-1A3956D46DE8}") = "Task1", "Task1", "{4B41D61F-9D91-4AF2-AA1E-3E0112917CB6}"
EndProject
Project("{FAE04EC0-301F-11D3-BF4B-00C04F79EFBC}") = "Tyuiu.MedvedevA.Sprint4.Task1.V9", "Tyuiu.MedvedevA.Sprint4.Task1.V9\Tyuiu.MedvedevA.Sprint4.Task1.V9.csproj", "{E10158DC-E88D-4871-944F-38CCD5AD5DDF}"
EndProject
Project("{FAE04EC0-301F-11D3-BF4B-00C04F79EFBC}") = "Tyuiu.MedvedevA.Sprint4.Task1.V9.Lib", "Tyuiu.MedvedevA.Sprint4.Task1.V9.Lib\Tyuiu.MedvedevA.Sprint4.Task1.V9.Lib.csproj", "{56A2ECFA-4CD2-41B0-B195-42D976DD8722}"
EndProject
Project("{FAE04EC0-301F-11D3-BF4B-00C04F79EFBC}") = "Tyuiu.MedvedevA.Sprint4.Task1.V9.Test", "Tyuiu.MedvedevA.Sprint4.Task1.V9.Test\Tyuiu.MedvedevA.Sprint4.Task1.V9.Test.csproj", "{3581F228-8B39-45A5-9074-D000D2C42496}"
EndProject
Project("{2150E333-8FDC-42A3-9474-1A3956D46DE8}") = "Task2", "Task2", "{0FBE32FE-EDA8-4AA9-8118-2AA32F1933E2}"
EndProject
Project("{FAE04EC0-301F-11D3-BF4B-00C04F79EFBC}") = "Tyuiu.MedvedevA.Sprint4.Task2.V7", "Tyuiu.MedvedevA.Sprint4.Task2.V7\Tyuiu.MedvedevA.Sprint4.Task2.V7.csproj", "{898FD044-882F-464A-A0AB-D80F8E5C93F8}"
EndProject
Project("{FAE04EC0-301F-11D3-BF4B-00C04F79EFBC}") = "Tyuiu.MedvedevA.Sprint4.Task2.V7.Lib", "Tyuiu.MedvedevA.Sprint4.Task2.V7.Lib\Tyuiu.MedvedevA.Sprint4.Task2.V7.Lib.csproj", "{DA369807-4F52-4307-A590-807D851ECCF4}"
EndProject
Project("{FAE04EC0-301F-11D3-BF4B-00C04F79EFBC}") = "Tyuiu.MedvedevA.Sprint4.Task2.V7.Test", "Tyuiu.MedvedevA.Sprint4.Task2.V7.Test\Tyuiu.MedvedevA.Sprint4.Task2.V7.Test.csproj", "{2AB68347-D571-41E7-8C39-C6492D75BACE}"
EndProject
Project("{2150E333-8FDC-42A3-9474-1A3956D46DE8}") = "Task3", "Task3", "{D821D6E4-9820-47D6-9361-D432B97C6CD6}"
EndProject
Project("{FAE04EC0-301F-11D3-BF4B-00C04F79EFBC}") = "Tyuiu.MedvedevA.Sprint4.Task3.V14", "Tyuiu.MedvedevA.Sprint4.Task3.V14\Tyuiu.MedvedevA.Sprint4.Task3.V14.csproj", "{4B778320-C5C6-4DF3-8101-192E43B3FE84}"
EndProject
Project("{FAE04EC0-301F-11D3-BF4B-00C04F79EFBC}") = "Tyuiu.MedvedevA.Sprint4.Task3.V14.Lib", "Tyuiu.MedvedevA.Sprint4.Task3.V14.Lib\Tyuiu.MedvedevA.Sprint4.Task3.V14.Lib.csproj", "{DC11BDCB-5D89-46D9-A6DA-1EAAFFE3EABD}"
EndProject
Project("{FAE04EC0-301F-11D3-BF4B-00C04F79EFBC}") = "Tyuiu.MedvedevA.Sprint4.Task3.V14.Test", "Tyuiu.MedvedevA.Sprint4.Task3.V14.Test\Tyuiu.MedvedevA.Sprint4.Task3.V14.Test.csproj", "{DA15B358-1F00-40E4-9908-8497A9975720}"
EndProject
Global
	GlobalSection(SolutionConfigurationPlatforms) = preSolution
		Debug|Any CPU = Debug|Any CPU
		Release|Any CPU = Release|Any CPU
	EndGlobalSection
	GlobalSection(ProjectConfigurationPlatforms) = postSolution
		{3A1166B4-8184-4118-AEE7-8EF2DA6984BE}.Debug|Any CPU.ActiveCfg = Debug|Any CPU
		{3A1166B4-8184-4118-AEE7-8EF2DA6984BE}.Debug|Any CPU.Build.0 = Debug|Any CPU
		{3A1166B4-8184-4118-AEE7-8EF2DA6984BE}.Release|Any CPU.ActiveCfg = Release|Any CPU
		{3A1166B4-8184-4118-AEE7-8EF2DA6984BE}.Release|Any CPU.Build.0 = Release|Any CPU
		{A7D23C1D-4ACE-4A48-AC7E-2F39E06DBC43}.Debug|Any CPU.ActiveCfg = Debug|Any CPU
		{A7D23C1D-4ACE-4A48-AC7E-2F39E06DBC43}.Debug|Any CPU.Build.0 = Debug|Any CPU
		{A7D23C1D-4ACE-4A48-AC7E-2F39E06DBC43}.Release|Any CPU.ActiveCfg = Release|Any CPU
		{A7D23C1D-4ACE-4A48-AC7E-2F39E06DBC43}.Release|Any CPU.Build.0 = Release|Any CPU
		{A2E3BBD9-9D3C-46A2-8307-D3B1E2507E79}.Debug|Any CPU.ActiveCfg = Debug|Any CPU
		{A2E3BBD9-9D3C-46A2-8307-D3B1E2507E79}.Debug|Any CPU.Build.0 = Debug|Any CPU
		{A2E3BBD9-9D3C-46A2-8307-D3B1E2507E79}.Release|Any CPU.ActiveCfg = Release|Any CPU
		{A2E3BBD9-9D3C-46A2-8307-D3B1E2507E79}.Release|Any CPU.Build.0 = Release|Any CPU
		{E10158DC-E88D-4871-944F-38CCD5AD5DDF}.Debug|Any CPU.ActiveCfg = Debug|Any CPU
		{E10158DC-E88D-4871-944F-38CCD5AD5DDF}.Debug|Any CPU.Build.0 = Debug|Any CPU
		{E10158DC-E88D-4871-944F-38CCD5AD5DDF}.Release|Any CPU.ActiveCfg = Release|Any CPU
		{E10158DC-E88D-4871-944F-38CCD5AD5DDF}.Release|Any CPU.Build.0 = Release|Any CPU
		{56A2ECFA-4CD2-41B0-B195-42D976DD8722}.Debug|Any CPU.ActiveCfg = Debug|Any CPU
		{56A2ECFA-4CD2-41B0-B195-42D976DD8722}.Debug|Any CPU.Build.0 = Debug|Any CPU
		{56A2ECFA-4CD2-41B0-B195-42D976DD8722}.Release|Any CPU.ActiveCfg = Release|Any CPU
		{56A2ECFA-4CD2-41B0-B195-42D976DD8722}.Release|Any CPU.Build.0 = Release|Any CPU
		{3581F228-8B39-45A5-9074-D000D2C42496}.Debug|Any CPU.ActiveCfg = Debug|Any CPU
		{3581F228-8B39-45A5-9074-D000D2C42496}.Debug|Any CPU.Build.0 = Debug|Any CPU
		{3581F228-8B39-45A5-9074-D000D2C42496}.Release|Any CPU.ActiveCfg = Release|Any CPU
		{3581F228-8B39-45A5-9074-D000D2C42496}.Release|Any CPU.Build.0 = Release|Any CPU
		{898FD044-882F-464A-A0AB-D80F8E5C93F8}.Debug|Any CPU.ActiveCfg = Debug|Any CPU
		{898FD044-882F-464A-A0AB-D80F8E5C93F8}.Debug|Any CPU.Build.0 = Debug|Any CPU
		{898FD044-882F-464A-A0AB-D80F8E5C93F8}.Release|Any CPU.ActiveCfg = Release|Any CPU
		{898FD044-882F-464A-A0AB-D80F8E5C93F8}.Release|Any CPU.Build.0 = Release|Any CPU
		{DA369807-4F52-4307-A590-807D851ECCF4}.Debug|Any CPU.ActiveCfg = Debug|Any CPU
		{DA369807-4F52-4307-A590-807D851ECCF4}.Debug|Any CPU.Build.0 = Debug|Any CPU
		{DA369807-4F52-4307-A590-807D851ECCF4}.Release|Any CPU.ActiveCfg = Release|Any CPU
		{DA369807-4F52-4307-A590-807D851ECCF4}.Release|Any CPU.Build.0 = Release|Any CPU
		{2AB68347-D571-41E7-8C39-C6492D75BACE}.Debug|Any CPU.ActiveCfg = Debug|Any CPU
		{2AB68347-D571-41E7-8C39-C6492D75BACE}.Debug|Any CPU.Build.0 = Debug|Any CPU
		{2AB68347-D571-41E7-8C39-C6492D75BACE}.Release|Any CPU.ActiveCfg = Release|Any CPU
		{2AB68347-D571-41E7-8C39-C6492D75BACE}.Release|Any CPU.Build.0 = Release|Any CPU
		{4B778320-C5C6-4DF3-8101-192E43B3FE84}.Debug|Any CPU.ActiveCfg = Debug|Any CPU
		{4B778320-C5C6-4DF3-8101-192E43B3FE84}.Debug|Any CPU.Build.0 = Debug|Any CPU
		{4B778320-C5C6-4DF3-8101-192E43B3FE84}.Release|Any CPU.ActiveCfg = Release|Any CPU
		{4B778320-C5C6-4DF3-8101-192E43B3FE84}.Release|Any CPU.Build.0 = Release|Any CPU
		{DC11BDCB-5D89-46D9-A6DA-1EAAFFE3EABD}.Debug|Any CPU.ActiveCfg = Debug|Any CPU
		{DC11BDCB-5D89-46D9-A6DA-1EAAFFE3EABD}.Debug|Any CPU.Build.0 = Debug|Any CPU
		{DC11BDCB-5D89-46D9-A6DA-1EAAFFE3EABD}.Release|Any CPU.ActiveCfg = Release|Any CPU
		{DC11BDCB-5D89-46D9-A6DA-1EAAFFE3EABD}.Release|Any CPU.Build.0 = Release|Any CPU
		{DA15B358-1F00-40E4-9908-8497A9975720}.Debug|Any CPU.ActiveCfg = Debug|Any CPU
		{DA15B358-1F00-40E4-9908-8497A9975720}.Debug|Any CPU.Build.0 = Debug|Any CPU
		{DA15B358-1F00-40E4-9908-8497A9975720}.Release|Any CPU.ActiveCfg = Release|Any CPU
		{DA15B358-1F00-40E4-9908-8497A9975720}.Release|Any CPU.Build.0 = Release|Any CPU
	EndGlobalSection
	GlobalSection(SolutionProperties) = preSolution
		HideSolutionNode = FALSE
	EndGlobalSection
	GlobalSection(NestedProjects) = preSolution
		{3A1166B4-8184-4118-AEE7-8EF2DA6984BE} = {3439F3F2-403D-49AC-B3E3-F32935D4C52E}
		{A7D23C1D-4ACE-4A48-AC7E-2F39E06DBC43} = {3439F3F2-403D-49AC-B3E3-F32935D4C52E}
		{A2E3BBD9-9D3C-46A2-8307-D3B1E2507E79} = {3439F3F2-403D-49AC-B3E3-F32935D4C52E}
		{E10158DC-E88D-4871-944F-38CCD5AD5DDF} = {4B41D61F-9D91-4AF2-AA1E-3E0112917CB6}
		{56A2ECFA-4CD2-41B0-B195-42D976DD8722} = {4B41D61F-9D91-4AF2-AA1E-3E0112917CB6}
		{3581F228-8B39-45A5-9074-D000D2C42496} = {4B41D61F-9D91-4AF2-AA1E-3E0112917CB6}
		{898FD044-882F-464A-A0AB-D80F8E5C93F8} = {0FBE32FE-EDA8-4AA9-8118-2AA32F1933E2}
		{DA369807-4F52-4307-A590-807D851ECCF4} = {0FBE32FE-EDA8-4AA9-8118-2AA32F1933E2}
		{2AB68347-D571-41E7-8C39-C6492D75BACE} = {0FBE32FE-EDA8-4AA9-8118-2AA32F1933E2}
		{4B778320-C5C6-4DF3-8101-192E43B3FE84} = {D821D6E4-9820-47D6-9361-D432B97C6CD6}
		{DC11BDCB-5D89-46D9-A6DA-1EAAFFE3EABD} = {D821D6E4-9820-47D6-9361-D432B97C6CD6}
		{DA15B358-1F00-40E4-9908-8497A9975720} = {D821D6E4-9820-47D6-9361-D432B97C6CD6}
	EndGlobalSection
	GlobalSection(ExtensibilityGlobals) = postSolution
		SolutionGuid = {D863D431-9BD3-4AA3-950C-9349A50B3335}
	EndGlobalSection
EndGlobal
